<Solution>
  <Folder Name="/src/">
    <Project Path="src/SportclubApp.Admin/SportclubApp.Admin.csproj" />
    <Project Path="src/SportclubApp.Api/SportclubApp.Api.csproj" />
    <Project Path="src/SportclubApp.Maui/SportclubApp.Maui.csproj">
      <Deploy Solution="Debug|*" />
    </Project>
    <Project Path="src/SportclubApp.Shared/SportclubApp.Shared.csproj" />
  </Folder>
  <Folder Name="/tests/">
    <Project Path="tests/SportclubApp.Api.Tests/SportclubApp.Api.Tests.csproj" />
    <Project Path="tests/SportclubApp.Maui.Tests/SportclubApp.Maui.Tests.csproj" />
    <Project Path="tests/SportclubApp.Maui.UiTests/SportclubApp.Maui.UiTests.csproj" />
  </Folder>
</Solution>